// !$*UTF8*$!
{
	archiveVersion = 1;
	classes = {
	};
	objectVersion = 52;
	objects = {

/* Begin PBXBuildFile section */
		9F73266222B03F6600583F81 /* ContextMenu.swift in Sources */ = {isa = PBXBuildFile; fileRef = 9F73266122B03F6600583F81 /* ContextMenu.swift */; };
		9FBE5FB722AD967100B82C22 /* AppDelegate.swift in Sources */ = {isa = PBXBuildFile; fileRef = 9FBE5FB622AD967100B82C22 /* AppDelegate.swift */; };
		9FBE5FB922AD967100B82C22 /* SceneDelegate.swift in Sources */ = {isa = PBXBuildFile; fileRef = 9FBE5FB822AD967100B82C22 /* SceneDelegate.swift */; };
		9FBE5FBB22AD967100B82C22 /* HomeView.swift in Sources */ = {isa = PBXBuildFile; fileRef = 9FBE5FBA22AD967100B82C22 /* HomeView.swift */; };
		9FBE5FBD22AD967300B82C22 /* Assets.xcassets in Resources */ = {isa = PBXBuildFile; fileRef = 9FBE5FBC22AD967300B82C22 /* Assets.xcassets */; };
		9FBE5FC022AD967300B82C22 /* Preview Assets.xcassets in Resources */ = {isa = PBXBuildFile; fileRef = 9FBE5FBF22AD967300B82C22 /* Preview Assets.xcassets */; };
		9FBE5FC322AD967300B82C22 /* LaunchScreen.storyboard in Resources */ = {isa = PBXBuildFile; fileRef = 9FBE5FC122AD967300B82C22 /* LaunchScreen.storyboard */; };
		9FBE5FCE22AD967300B82C22 /* CanTrackUITests.swift in Sources */ = {isa = PBXBuildFile; fileRef = 9FBE5FCD22AD967300B82C22 /* CanTrackUITests.swift */; };
		9FBE5FDA22AD96C800B82C22 /* UserData.swift in Sources */ = {isa = PBXBuildFile; fileRef = 9FBE5FD922AD96C800B82C22 /* UserData.swift */; };
		9FBE5FDC22AD971800B82C22 /* UserDefaultsValue.swift in Sources */ = {isa = PBXBuildFile; fileRef = 9FBE5FDB22AD971800B82C22 /* UserDefaultsValue.swift */; };
		9FBE5FDF22AD981E00B82C22 /* Product.swift in Sources */ = {isa = PBXBuildFile; fileRef = 9FBE5FDE22AD981E00B82C22 /* Product.swift */; };
		9FBE5FE122AD988700B82C22 /* Strain.swift in Sources */ = {isa = PBXBuildFile; fileRef = 9FBE5FE022AD988700B82C22 /* Strain.swift */; };
		9FBE5FE822ADA4B700B82C22 /* ProductImageViewCircular.swift in Sources */ = {isa = PBXBuildFile; fileRef = 9FBE5FE322ADA4B700B82C22 /* ProductImageViewCircular.swift */; };
		9FBE5FE922ADA4B700B82C22 /* ProductDetailView.swift in Sources */ = {isa = PBXBuildFile; fileRef = 9FBE5FE422ADA4B700B82C22 /* ProductDetailView.swift */; };
		9FBE5FEA22ADA4B700B82C22 /* NewProductView.swift in Sources */ = {isa = PBXBuildFile; fileRef = 9FBE5FE522ADA4B700B82C22 /* NewProductView.swift */; };
		9FBE5FEB22ADA4B700B82C22 /* ProductRow.swift in Sources */ = {isa = PBXBuildFile; fileRef = 9FBE5FE622ADA4B700B82C22 /* ProductRow.swift */; };
		9FBE5FEE22ADA55E00B82C22 /* Extensions.swift in Sources */ = {isa = PBXBuildFile; fileRef = 9FBE5FED22ADA55E00B82C22 /* Extensions.swift */; };
		9FC7B36722ADAF6F004278F6 /* InventoryListView.swift in Sources */ = {isa = PBXBuildFile; fileRef = 9FC7B36622ADAF6F004278F6 /* InventoryListView.swift */; };
		9FD2967C22ADD5C000C73496 /* ProductTypeOptionsList.swift in Sources */ = {isa = PBXBuildFile; fileRef = 9FD2967922ADD5C000C73496 /* ProductTypeOptionsList.swift */; };
		9FD2967D22ADD5C000C73496 /* StrainsView.swift in Sources */ = {isa = PBXBuildFile; fileRef = 9FD2967A22ADD5C000C73496 /* StrainsView.swift */; };
		9FD2967E22ADD5C000C73496 /* CalendarView.swift in Sources */ = {isa = PBXBuildFile; fileRef = 9FD2967B22ADD5C000C73496 /* CalendarView.swift */; };
		9FD2968022ADE3D500C73496 /* ProductStore.swift in Sources */ = {isa = PBXBuildFile; fileRef = 9FD2967F22ADE3D500C73496 /* ProductStore.swift */; };
		9FD2968322ADE72700C73496 /* SwifterSwift in Frameworks */ = {isa = PBXBuildFile; productRef = 9FD2968222ADE72700C73496 /* SwifterSwift */; };
/* End PBXBuildFile section */

/* Begin PBXContainerItemProxy section */
		9FBE5FCA22AD967300B82C22 /* PBXContainerItemProxy */ = {
			isa = PBXContainerItemProxy;
			containerPortal = 9FBE5FAB22AD967100B82C22 /* Project object */;
			proxyType = 1;
			remoteGlobalIDString = 9FBE5FB222AD967100B82C22;
			remoteInfo = CanTrack;
		};
/* End PBXContainerItemProxy section */

/* Begin PBXFileReference section */
		9F73266122B03F6600583F81 /* ContextMenu.swift */ = {isa = PBXFileReference; lastKnownFileType = sourcecode.swift; path = ContextMenu.swift; sourceTree = "<group>"; };
		9FBE5FB322AD967100B82C22 /* CanTrack.app */ = {isa = PBXFileReference; explicitFileType = wrapper.application; includeInIndex = 0; path = CanTrack.app; sourceTree = BUILT_PRODUCTS_DIR; };
		9FBE5FB622AD967100B82C22 /* AppDelegate.swift */ = {isa = PBXFileReference; lastKnownFileType = sourcecode.swift; path = AppDelegate.swift; sourceTree = "<group>"; };
		9FBE5FB822AD967100B82C22 /* SceneDelegate.swift */ = {isa = PBXFileReference; lastKnownFileType = sourcecode.swift; path = SceneDelegate.swift; sourceTree = "<group>"; };
		9FBE5FBA22AD967100B82C22 /* HomeView.swift */ = {isa = PBXFileReference; lastKnownFileType = sourcecode.swift; path = HomeView.swift; sourceTree = "<group>"; };
		9FBE5FBC22AD967300B82C22 /* Assets.xcassets */ = {isa = PBXFileReference; lastKnownFileType = folder.assetcatalog; path = Assets.xcassets; sourceTree = "<group>"; };
		9FBE5FBF22AD967300B82C22 /* Preview Assets.xcassets */ = {isa = PBXFileReference; lastKnownFileType = folder.assetcatalog; path = "Preview Assets.xcassets"; sourceTree = "<group>"; };
		9FBE5FC222AD967300B82C22 /* Base */ = {isa = PBXFileReference; lastKnownFileType = file.storyboard; name = Base; path = Base.lproj/LaunchScreen.storyboard; sourceTree = "<group>"; };
		9FBE5FC422AD967300B82C22 /* Info.plist */ = {isa = PBXFileReference; lastKnownFileType = text.plist.xml; path = Info.plist; sourceTree = "<group>"; };
		9FBE5FC922AD967300B82C22 /* CanTrackUITests.xctest */ = {isa = PBXFileReference; explicitFileType = wrapper.cfbundle; includeInIndex = 0; path = CanTrackUITests.xctest; sourceTree = BUILT_PRODUCTS_DIR; };
		9FBE5FCD22AD967300B82C22 /* CanTrackUITests.swift */ = {isa = PBXFileReference; lastKnownFileType = sourcecode.swift; path = CanTrackUITests.swift; sourceTree = "<group>"; };
		9FBE5FCF22AD967300B82C22 /* Info.plist */ = {isa = PBXFileReference; lastKnownFileType = text.plist.xml; path = Info.plist; sourceTree = "<group>"; };
		9FBE5FD922AD96C800B82C22 /* UserData.swift */ = {isa = PBXFileReference; lastKnownFileType = sourcecode.swift; path = UserData.swift; sourceTree = "<group>"; };
		9FBE5FDB22AD971800B82C22 /* UserDefaultsValue.swift */ = {isa = PBXFileReference; lastKnownFileType = sourcecode.swift; path = UserDefaultsValue.swift; sourceTree = "<group>"; };
		9FBE5FDE22AD981E00B82C22 /* Product.swift */ = {isa = PBXFileReference; lastKnownFileType = sourcecode.swift; path = Product.swift; sourceTree = "<group>"; };
		9FBE5FE022AD988700B82C22 /* Strain.swift */ = {isa = PBXFileReference; lastKnownFileType = sourcecode.swift; path = Strain.swift; sourceTree = "<group>"; };
		9FBE5FE322ADA4B700B82C22 /* ProductImageViewCircular.swift */ = {isa = PBXFileReference; fileEncoding = 4; lastKnownFileType = sourcecode.swift; path = ProductImageViewCircular.swift; sourceTree = "<group>"; };
		9FBE5FE422ADA4B700B82C22 /* ProductDetailView.swift */ = {isa = PBXFileReference; fileEncoding = 4; lastKnownFileType = sourcecode.swift; path = ProductDetailView.swift; sourceTree = "<group>"; };
		9FBE5FE522ADA4B700B82C22 /* NewProductView.swift */ = {isa = PBXFileReference; fileEncoding = 4; lastKnownFileType = sourcecode.swift; path = NewProductView.swift; sourceTree = "<group>"; };
		9FBE5FE622ADA4B700B82C22 /* ProductRow.swift */ = {isa = PBXFileReference; fileEncoding = 4; lastKnownFileType = sourcecode.swift; path = ProductRow.swift; sourceTree = "<group>"; };
		9FBE5FED22ADA55E00B82C22 /* Extensions.swift */ = {isa = PBXFileReference; lastKnownFileType = sourcecode.swift; path = Extensions.swift; sourceTree = "<group>"; };
		9FC7B36622ADAF6F004278F6 /* InventoryListView.swift */ = {isa = PBXFileReference; lastKnownFileType = sourcecode.swift; path = InventoryListView.swift; sourceTree = "<group>"; };
		9FD2967922ADD5C000C73496 /* ProductTypeOptionsList.swift */ = {isa = PBXFileReference; fileEncoding = 4; lastKnownFileType = sourcecode.swift; path = ProductTypeOptionsList.swift; sourceTree = "<group>"; };
		9FD2967A22ADD5C000C73496 /* StrainsView.swift */ = {isa = PBXFileReference; fileEncoding = 4; lastKnownFileType = sourcecode.swift; path = StrainsView.swift; sourceTree = "<group>"; };
		9FD2967B22ADD5C000C73496 /* CalendarView.swift */ = {isa = PBXFileReference; fileEncoding = 4; lastKnownFileType = sourcecode.swift; path = CalendarView.swift; sourceTree = "<group>"; };
		9FD2967F22ADE3D500C73496 /* ProductStore.swift */ = {isa = PBXFileReference; lastKnownFileType = sourcecode.swift; path = ProductStore.swift; sourceTree = "<group>"; };
/* End PBXFileReference section */

/* Begin PBXFrameworksBuildPhase section */
		9FBE5FB022AD967100B82C22 /* Frameworks */ = {
			isa = PBXFrameworksBuildPhase;
			buildActionMask = 2147483647;
			files = (
				9FD2968322ADE72700C73496 /* SwifterSwift in Frameworks */,
			);
			runOnlyForDeploymentPostprocessing = 0;
		};
		9FBE5FC622AD967300B82C22 /* Frameworks */ = {
			isa = PBXFrameworksBuildPhase;
			buildActionMask = 2147483647;
			files = (
			);
			runOnlyForDeploymentPostprocessing = 0;
		};
/* End PBXFrameworksBuildPhase section */

/* Begin PBXGroup section */
		9FBE5FAA22AD967100B82C22 = {
			isa = PBXGroup;
			children = (
				9FBE5FB522AD967100B82C22 /* CanTrack */,
				9FBE5FCC22AD967300B82C22 /* CanTrackUITests */,
				9FBE5FB422AD967100B82C22 /* Products */,
			);
			sourceTree = "<group>";
		};
		9FBE5FB422AD967100B82C22 /* Products */ = {
			isa = PBXGroup;
			children = (
				9FBE5FB322AD967100B82C22 /* CanTrack.app */,
				9FBE5FC922AD967300B82C22 /* CanTrackUITests.xctest */,
			);
			name = Products;
			sourceTree = "<group>";
		};
		9FBE5FB522AD967100B82C22 /* CanTrack */ = {
			isa = PBXGroup;
			children = (
				9FBE5FE222AD9FFF00B82C22 /* SwiftUI Views */,
				9FBE5FDD22AD97F500B82C22 /* Model */,
				9FBE5FD822AD969600B82C22 /* UserData */,
				9FBE5FB622AD967100B82C22 /* AppDelegate.swift */,
				9FBE5FB822AD967100B82C22 /* SceneDelegate.swift */,
				9FBE5FED22ADA55E00B82C22 /* Extensions.swift */,
				9FBE5FBC22AD967300B82C22 /* Assets.xcassets */,
				9FBE5FC122AD967300B82C22 /* LaunchScreen.storyboard */,
				9FBE5FC422AD967300B82C22 /* Info.plist */,
				9FBE5FBE22AD967300B82C22 /* Preview Content */,
			);
			path = CanTrack;
			sourceTree = "<group>";
		};
		9FBE5FBE22AD967300B82C22 /* Preview Content */ = {
			isa = PBXGroup;
			children = (
				9FBE5FBF22AD967300B82C22 /* Preview Assets.xcassets */,
			);
			path = "Preview Content";
			sourceTree = "<group>";
		};
		9FBE5FCC22AD967300B82C22 /* CanTrackUITests */ = {
			isa = PBXGroup;
			children = (
				9FBE5FCD22AD967300B82C22 /* CanTrackUITests.swift */,
				9FBE5FCF22AD967300B82C22 /* Info.plist */,
			);
			path = CanTrackUITests;
			sourceTree = "<group>";
		};
		9FBE5FD822AD969600B82C22 /* UserData */ = {
			isa = PBXGroup;
			children = (
				9FBE5FD922AD96C800B82C22 /* UserData.swift */,
				9FBE5FDB22AD971800B82C22 /* UserDefaultsValue.swift */,
			);
			path = UserData;
			sourceTree = "<group>";
		};
		9FBE5FDD22AD97F500B82C22 /* Model */ = {
			isa = PBXGroup;
			children = (
				9FBE5FDE22AD981E00B82C22 /* Product.swift */,
				9FBE5FE022AD988700B82C22 /* Strain.swift */,
				9FD2967F22ADE3D500C73496 /* ProductStore.swift */,
			);
			path = Model;
			sourceTree = "<group>";
		};
		9FBE5FE222AD9FFF00B82C22 /* SwiftUI Views */ = {
			isa = PBXGroup;
			children = (
				9FD2967B22ADD5C000C73496 /* CalendarView.swift */,
				9FD2967922ADD5C000C73496 /* ProductTypeOptionsList.swift */,
				9FD2967A22ADD5C000C73496 /* StrainsView.swift */,
				9FBE5FBA22AD967100B82C22 /* HomeView.swift */,
				9FBE5FE522ADA4B700B82C22 /* NewProductView.swift */,
				9F73266122B03F6600583F81 /* ContextMenu.swift */,
				9FBE5FE422ADA4B700B82C22 /* ProductDetailView.swift */,
				9FBE5FE322ADA4B700B82C22 /* ProductImageViewCircular.swift */,
				9FBE5FE622ADA4B700B82C22 /* ProductRow.swift */,
				9FC7B36622ADAF6F004278F6 /* InventoryListView.swift */,
			);
			path = "SwiftUI Views";
			sourceTree = "<group>";
		};
/* End PBXGroup section */

/* Begin PBXNativeTarget section */
		9FBE5FB222AD967100B82C22 /* CanTrack */ = {
			isa = PBXNativeTarget;
			buildConfigurationList = 9FBE5FD222AD967300B82C22 /* Build configuration list for PBXNativeTarget "CanTrack" */;
			buildPhases = (
				9FBE5FAF22AD967100B82C22 /* Sources */,
				9FBE5FB022AD967100B82C22 /* Frameworks */,
				9FBE5FB122AD967100B82C22 /* Resources */,
			);
			buildRules = (
			);
			dependencies = (
			);
			name = CanTrack;
			packageProductDependencies = (
				9FD2968222ADE72700C73496 /* SwifterSwift */,
			);
			productName = CanTrack;
			productReference = 9FBE5FB322AD967100B82C22 /* CanTrack.app */;
			productType = "com.apple.product-type.application";
		};
		9FBE5FC822AD967300B82C22 /* CanTrackUITests */ = {
			isa = PBXNativeTarget;
			buildConfigurationList = 9FBE5FD522AD967300B82C22 /* Build configuration list for PBXNativeTarget "CanTrackUITests" */;
			buildPhases = (
				9FBE5FC522AD967300B82C22 /* Sources */,
				9FBE5FC622AD967300B82C22 /* Frameworks */,
				9FBE5FC722AD967300B82C22 /* Resources */,
			);
			buildRules = (
			);
			dependencies = (
				9FBE5FCB22AD967300B82C22 /* PBXTargetDependency */,
			);
			name = CanTrackUITests;
			productName = CanTrackUITests;
			productReference = 9FBE5FC922AD967300B82C22 /* CanTrackUITests.xctest */;
			productType = "com.apple.product-type.bundle.ui-testing";
		};
/* End PBXNativeTarget section */

/* Begin PBXProject section */
		9FBE5FAB22AD967100B82C22 /* Project object */ = {
			isa = PBXProject;
			attributes = {
				LastSwiftUpdateCheck = 1100;
				LastUpgradeCheck = 1100;
				ORGANIZATIONNAME = Lygre;
				TargetAttributes = {
					9FBE5FB222AD967100B82C22 = {
						CreatedOnToolsVersion = 11.0;
					};
					9FBE5FC822AD967300B82C22 = {
						CreatedOnToolsVersion = 11.0;
						TestTargetID = 9FBE5FB222AD967100B82C22;
					};
				};
			};
			buildConfigurationList = 9FBE5FAE22AD967100B82C22 /* Build configuration list for PBXProject "CanTrack" */;
			compatibilityVersion = "Xcode 9.3";
			developmentRegion = en;
			hasScannedForEncodings = 0;
			knownRegions = (
				en,
				Base,
			);
			mainGroup = 9FBE5FAA22AD967100B82C22;
			packageReferences = (
				9FD2968122ADE72700C73496 /* XCRemoteSwiftPackageReference "SwifterSwift" */,
			);
			productRefGroup = 9FBE5FB422AD967100B82C22 /* Products */;
			projectDirPath = "";
			projectRoot = "";
			targets = (
				9FBE5FB222AD967100B82C22 /* CanTrack */,
				9FBE5FC822AD967300B82C22 /* CanTrackUITests */,
			);
		};
/* End PBXProject section */

/* Begin PBXResourcesBuildPhase section */
		9FBE5FB122AD967100B82C22 /* Resources */ = {
			isa = PBXResourcesBuildPhase;
			buildActionMask = 2147483647;
			files = (
				9FBE5FC322AD967300B82C22 /* LaunchScreen.storyboard in Resources */,
				9FBE5FC022AD967300B82C22 /* Preview Assets.xcassets in Resources */,
				9FBE5FBD22AD967300B82C22 /* Assets.xcassets in Resources */,
			);
			runOnlyForDeploymentPostprocessing = 0;
		};
		9FBE5FC722AD967300B82C22 /* Resources */ = {
			isa = PBXResourcesBuildPhase;
			buildActionMask = 2147483647;
			files = (
			);
			runOnlyForDeploymentPostprocessing = 0;
		};
/* End PBXResourcesBuildPhase section */

/* Begin PBXSourcesBuildPhase section */
		9FBE5FAF22AD967100B82C22 /* Sources */ = {
			isa = PBXSourcesBuildPhase;
			buildActionMask = 2147483647;
			files = (
				9FD2967D22ADD5C000C73496 /* StrainsView.swift in Sources */,
				9FBE5FB722AD967100B82C22 /* AppDelegate.swift in Sources */,
				9FD2967E22ADD5C000C73496 /* CalendarView.swift in Sources */,
				9FBE5FE122AD988700B82C22 /* Strain.swift in Sources */,
				9F73266222B03F6600583F81 /* ContextMenu.swift in Sources */,
				9FBE5FDC22AD971800B82C22 /* UserDefaultsValue.swift in Sources */,
				9FBE5FB922AD967100B82C22 /* SceneDelegate.swift in Sources */,
				9FD2967C22ADD5C000C73496 /* ProductTypeOptionsList.swift in Sources */,
				9FBE5FDA22AD96C800B82C22 /* UserData.swift in Sources */,
				9FBE5FEA22ADA4B700B82C22 /* NewProductView.swift in Sources */,
				9FBE5FE822ADA4B700B82C22 /* ProductImageViewCircular.swift in Sources */,
				9FBE5FEE22ADA55E00B82C22 /* Extensions.swift in Sources */,
				9FBE5FEB22ADA4B700B82C22 /* ProductRow.swift in Sources */,
				9FBE5FBB22AD967100B82C22 /* HomeView.swift in Sources */,
				9FBE5FDF22AD981E00B82C22 /* Product.swift in Sources */,
				9FBE5FE922ADA4B700B82C22 /* ProductDetailView.swift in Sources */,
				9FC7B36722ADAF6F004278F6 /* InventoryListView.swift in Sources */,
				9FD2968022ADE3D500C73496 /* ProductStore.swift in Sources */,
			);
			runOnlyForDeploymentPostprocessing = 0;
		};
		9FBE5FC522AD967300B82C22 /* Sources */ = {
			isa = PBXSourcesBuildPhase;
			buildActionMask = 2147483647;
			files = (
				9FBE5FCE22AD967300B82C22 /* CanTrackUITests.swift in Sources */,
			);
			runOnlyForDeploymentPostprocessing = 0;
		};
/* End PBXSourcesBuildPhase section */

/* Begin PBXTargetDependency section */
		9FBE5FCB22AD967300B82C22 /* PBXTargetDependency */ = {
			isa = PBXTargetDependency;
			target = 9FBE5FB222AD967100B82C22 /* CanTrack */;
			targetProxy = 9FBE5FCA22AD967300B82C22 /* PBXContainerItemProxy */;
		};
/* End PBXTargetDependency section */

/* Begin PBXVariantGroup section */
		9FBE5FC122AD967300B82C22 /* LaunchScreen.storyboard */ = {
			isa = PBXVariantGroup;
			children = (
				9FBE5FC222AD967300B82C22 /* Base */,
			);
			name = LaunchScreen.storyboard;
			sourceTree = "<group>";
		};
/* End PBXVariantGroup section */

/* Begin XCBuildConfiguration section */
		9FBE5FD022AD967300B82C22 /* Debug */ = {
			isa = XCBuildConfiguration;
			buildSettings = {
				ALWAYS_SEARCH_USER_PATHS = NO;
				CLANG_ANALYZER_NONNULL = YES;
				CLANG_ANALYZER_NUMBER_OBJECT_CONVERSION = YES_AGGRESSIVE;
				CLANG_CXX_LANGUAGE_STANDARD = "gnu++14";
				CLANG_CXX_LIBRARY = "libc++";
				CLANG_ENABLE_MODULES = YES;
				CLANG_ENABLE_OBJC_ARC = YES;
				CLANG_ENABLE_OBJC_WEAK = YES;
				CLANG_WARN_BLOCK_CAPTURE_AUTORELEASING = YES;
				CLANG_WARN_BOOL_CONVERSION = YES;
				CLANG_WARN_COMMA = YES;
				CLANG_WARN_CONSTANT_CONVERSION = YES;
				CLANG_WARN_DEPRECATED_OBJC_IMPLEMENTATIONS = YES;
				CLANG_WARN_DIRECT_OBJC_ISA_USAGE = YES_ERROR;
				CLANG_WARN_DOCUMENTATION_COMMENTS = YES;
				CLANG_WARN_EMPTY_BODY = YES;
				CLANG_WARN_ENUM_CONVERSION = YES;
				CLANG_WARN_INFINITE_RECURSION = YES;
				CLANG_WARN_INT_CONVERSION = YES;
				CLANG_WARN_NON_LITERAL_NULL_CONVERSION = YES;
				CLANG_WARN_OBJC_IMPLICIT_RETAIN_SELF = YES;
				CLANG_WARN_OBJC_LITERAL_CONVERSION = YES;
				CLANG_WARN_OBJC_ROOT_CLASS = YES_ERROR;
				CLANG_WARN_RANGE_LOOP_ANALYSIS = YES;
				CLANG_WARN_STRICT_PROTOTYPES = YES;
				CLANG_WARN_SUSPICIOUS_MOVE = YES;
				CLANG_WARN_UNGUARDED_AVAILABILITY = YES_AGGRESSIVE;
				CLANG_WARN_UNREACHABLE_CODE = YES;
				CLANG_WARN__DUPLICATE_METHOD_MATCH = YES;
				COPY_PHASE_STRIP = NO;
				DEBUG_INFORMATION_FORMAT = dwarf;
				ENABLE_STRICT_OBJC_MSGSEND = YES;
				ENABLE_TESTABILITY = YES;
				GCC_C_LANGUAGE_STANDARD = gnu11;
				GCC_DYNAMIC_NO_PIC = NO;
				GCC_NO_COMMON_BLOCKS = YES;
				GCC_OPTIMIZATION_LEVEL = 0;
				GCC_PREPROCESSOR_DEFINITIONS = (
					"DEBUG=1",
					"$(inherited)",
				);
				GCC_WARN_64_TO_32_BIT_CONVERSION = YES;
				GCC_WARN_ABOUT_RETURN_TYPE = YES_ERROR;
				GCC_WARN_UNDECLARED_SELECTOR = YES;
				GCC_WARN_UNINITIALIZED_AUTOS = YES_AGGRESSIVE;
				GCC_WARN_UNUSED_FUNCTION = YES;
				GCC_WARN_UNUSED_VARIABLE = YES;
				IPHONEOS_DEPLOYMENT_TARGET = 13.0;
				MTL_ENABLE_DEBUG_INFO = INCLUDE_SOURCE;
				MTL_FAST_MATH = YES;
				ONLY_ACTIVE_ARCH = YES;
				SDKROOT = iphoneos;
				SWIFT_ACTIVE_COMPILATION_CONDITIONS = DEBUG;
				SWIFT_OPTIMIZATION_LEVEL = "-Onone";
			};
			name = Debug;
		};
		9FBE5FD122AD967300B82C22 /* Release */ = {
			isa = XCBuildConfiguration;
			buildSettings = {
				ALWAYS_SEARCH_USER_PATHS = NO;
				CLANG_ANALYZER_NONNULL = YES;
				CLANG_ANALYZER_NUMBER_OBJECT_CONVERSION = YES_AGGRESSIVE;
				CLANG_CXX_LANGUAGE_STANDARD = "gnu++14";
				CLANG_CXX_LIBRARY = "libc++";
				CLANG_ENABLE_MODULES = YES;
				CLANG_ENABLE_OBJC_ARC = YES;
				CLANG_ENABLE_OBJC_WEAK = YES;
				CLANG_WARN_BLOCK_CAPTURE_AUTORELEASING = YES;
				CLANG_WARN_BOOL_CONVERSION = YES;
				CLANG_WARN_COMMA = YES;
				CLANG_WARN_CONSTANT_CONVERSION = YES;
				CLANG_WARN_DEPRECATED_OBJC_IMPLEMENTATIONS = YES;
				CLANG_WARN_DIRECT_OBJC_ISA_USAGE = YES_ERROR;
				CLANG_WARN_DOCUMENTATION_COMMENTS = YES;
				CLANG_WARN_EMPTY_BODY = YES;
				CLANG_WARN_ENUM_CONVERSION = YES;
				CLANG_WARN_INFINITE_RECURSION = YES;
				CLANG_WARN_INT_CONVERSION = YES;
				CLANG_WARN_NON_LITERAL_NULL_CONVERSION = YES;
				CLANG_WARN_OBJC_IMPLICIT_RETAIN_SELF = YES;
				CLANG_WARN_OBJC_LITERAL_CONVERSION = YES;
				CLANG_WARN_OBJC_ROOT_CLASS = YES_ERROR;
				CLANG_WARN_RANGE_LOOP_ANALYSIS = YES;
				CLANG_WARN_STRICT_PROTOTYPES = YES;
				CLANG_WARN_SUSPICIOUS_MOVE = YES;
				CLANG_WARN_UNGUARDED_AVAILABILITY = YES_AGGRESSIVE;
				CLANG_WARN_UNREACHABLE_CODE = YES;
				CLANG_WARN__DUPLICATE_METHOD_MATCH = YES;
				COPY_PHASE_STRIP = NO;
				DEBUG_INFORMATION_FORMAT = "dwarf-with-dsym";
				ENABLE_NS_ASSERTIONS = NO;
				ENABLE_STRICT_OBJC_MSGSEND = YES;
				GCC_C_LANGUAGE_STANDARD = gnu11;
				GCC_NO_COMMON_BLOCKS = YES;
				GCC_WARN_64_TO_32_BIT_CONVERSION = YES;
				GCC_WARN_ABOUT_RETURN_TYPE = YES_ERROR;
				GCC_WARN_UNDECLARED_SELECTOR = YES;
				GCC_WARN_UNINITIALIZED_AUTOS = YES_AGGRESSIVE;
				GCC_WARN_UNUSED_FUNCTION = YES;
				GCC_WARN_UNUSED_VARIABLE = YES;
				IPHONEOS_DEPLOYMENT_TARGET = 13.0;
				MTL_ENABLE_DEBUG_INFO = NO;
				MTL_FAST_MATH = YES;
				SDKROOT = iphoneos;
				SWIFT_COMPILATION_MODE = wholemodule;
				SWIFT_OPTIMIZATION_LEVEL = "-O";
				VALIDATE_PRODUCT = YES;
			};
			name = Release;
		};
		9FBE5FD322AD967300B82C22 /* Debug */ = {
			isa = XCBuildConfiguration;
			buildSettings = {
				ASSETCATALOG_COMPILER_APPICON_NAME = AppIcon;
				CODE_SIGN_STYLE = Automatic;
				CURRENT_PROJECT_VERSION = 2;
				DEVELOPMENT_ASSET_PATHS = "CanTrack/Preview\\ Content";
				DEVELOPMENT_TEAM = F54NBB76Q7;
				ENABLE_PREVIEWS = YES;
				INFOPLIST_FILE = CanTrack/Info.plist;
				LD_RUNPATH_SEARCH_PATHS = (
					"$(inherited)",
					"@executable_path/Frameworks",
				);
				PRODUCT_BUNDLE_IDENTIFIER = Lygre.CanTrack;
				PRODUCT_NAME = "$(TARGET_NAME)";
				SWIFT_VERSION = 5.0;
				TARGETED_DEVICE_FAMILY = "1,2";
			};
			name = Debug;
		};
		9FBE5FD422AD967300B82C22 /* Release */ = {
			isa = XCBuildConfiguration;
			buildSettings = {
				ASSETCATALOG_COMPILER_APPICON_NAME = AppIcon;
				CODE_SIGN_STYLE = Automatic;
				CURRENT_PROJECT_VERSION = 2;
				DEVELOPMENT_ASSET_PATHS = "CanTrack/Preview\\ Content";
				DEVELOPMENT_TEAM = F54NBB76Q7;
				ENABLE_PREVIEWS = YES;
				INFOPLIST_FILE = CanTrack/Info.plist;
				LD_RUNPATH_SEARCH_PATHS = (
					"$(inherited)",
					"@executable_path/Frameworks",
				);
				PRODUCT_BUNDLE_IDENTIFIER = Lygre.CanTrack;
				PRODUCT_NAME = "$(TARGET_NAME)";
				SWIFT_VERSION = 5.0;
				TARGETED_DEVICE_FAMILY = "1,2";
			};
			name = Release;
		};
		9FBE5FD622AD967300B82C22 /* Debug */ = {
			isa = XCBuildConfiguration;
			buildSettings = {
				ALWAYS_EMBED_SWIFT_STANDARD_LIBRARIES = YES;
				CODE_SIGN_STYLE = Automatic;
				DEVELOPMENT_TEAM = F54NBB76Q7;
				INFOPLIST_FILE = CanTrackUITests/Info.plist;
				LD_RUNPATH_SEARCH_PATHS = (
					"$(inherited)",
					"@executable_path/Frameworks",
					"@loader_path/Frameworks",
				);
				PRODUCT_BUNDLE_IDENTIFIER = Lygre.CanTrackUITests;
				PRODUCT_NAME = "$(TARGET_NAME)";
				SWIFT_VERSION = 5.0;
				TARGETED_DEVICE_FAMILY = "1,2";
				TEST_TARGET_NAME = CanTrack;
			};
			name = Debug;
		};
		9FBE5FD722AD967300B82C22 /* Release */ = {
			isa = XCBuildConfiguration;
			buildSettings = {
				ALWAYS_EMBED_SWIFT_STANDARD_LIBRARIES = YES;
				CODE_SIGN_STYLE = Automatic;
				DEVELOPMENT_TEAM = F54NBB76Q7;
				INFOPLIST_FILE = CanTrackUITests/Info.plist;
				LD_RUNPATH_SEARCH_PATHS = (
					"$(inherited)",
					"@executable_path/Frameworks",
					"@loader_path/Frameworks",
				);
				PRODUCT_BUNDLE_IDENTIFIER = Lygre.CanTrackUITests;
				PRODUCT_NAME = "$(TARGET_NAME)";
				SWIFT_VERSION = 5.0;
				TARGETED_DEVICE_FAMILY = "1,2";
				TEST_TARGET_NAME = CanTrack;
			};
			name = Release;
		};
/* End XCBuildConfiguration section */

/* Begin XCConfigurationList section */
		9FBE5FAE22AD967100B82C22 /* Build configuration list for PBXProject "CanTrack" */ = {
			isa = XCConfigurationList;
			buildConfigurations = (
				9FBE5FD022AD967300B82C22 /* Debug */,
				9FBE5FD122AD967300B82C22 /* Release */,
			);
			defaultConfigurationIsVisible = 0;
			defaultConfigurationName = Release;
		};
		9FBE5FD222AD967300B82C22 /* Build configuration list for PBXNativeTarget "CanTrack" */ = {
			isa = XCConfigurationList;
			buildConfigurations = (
				9FBE5FD322AD967300B82C22 /* Debug */,
				9FBE5FD422AD967300B82C22 /* Release */,
			);
			defaultConfigurationIsVisible = 0;
			defaultConfigurationName = Release;
		};
		9FBE5FD522AD967300B82C22 /* Build configuration list for PBXNativeTarget "CanTrackUITests" */ = {
			isa = XCConfigurationList;
			buildConfigurations = (
				9FBE5FD622AD967300B82C22 /* Debug */,
				9FBE5FD722AD967300B82C22 /* Release */,
			);
			defaultConfigurationIsVisible = 0;
			defaultConfigurationName = Release;
		};
/* End XCConfigurationList section */

/* Begin XCRemoteSwiftPackageReference section */
		9FD2968122ADE72700C73496 /* XCRemoteSwiftPackageReference "SwifterSwift" */ = {
			isa = XCRemoteSwiftPackageReference;
			repositoryURL = "git@github.com:SwifterSwift/SwifterSwift.git";
			requirement = {
				kind = upToNextMajorVersion;
				minimumVersion = 5.0.0;
			};
		};
/* End XCRemoteSwiftPackageReference section */

/* Begin XCSwiftPackageProductDependency section */
		9FD2968222ADE72700C73496 /* SwifterSwift */ = {
			isa = XCSwiftPackageProductDependency;
			package = 9FD2968122ADE72700C73496 /* XCRemoteSwiftPackageReference "SwifterSwift" */;
			productName = SwifterSwift;
		};
/* End XCSwiftPackageProductDependency section */
	};
	rootObject = 9FBE5FAB22AD967100B82C22 /* Project object */;
}
